
Microsoft Visual Studio Solution File, Format Version 12.00
# Visual Studio Version 17
VisualStudioVersion = 17.13.35825.156
MinimumVisualStudioVersion = 10.0.40219.1
Project("{FAE04EC0-301F-11D3-BF4B-00C04F79EFBC}") = "Exercicio01", "Exercicio01\Exercicio01.csproj", "{9E27C248-2EF1-4DDA-8207-3CEFEF117736}"
	ProjectSection(ProjectDependencies) = postProject
		{0B1A64FF-90EA-4E07-B7EF-68A37426D183} = {0B1A64FF-90EA-4E07-B7EF-68A37426D183}
		{0EE8DE00-88DE-4FA3-959C-84CD5DFE44D5} = {0EE8DE00-88DE-4FA3-959C-84CD5DFE44D5}
		{1B49CEB1-94B9-429B-B25D-379F80B5D7C1} = {1B49CEB1-94B9-429B-B25D-379F80B5D7C1}
		{22530803-BEA5-4FE8-BC87-14A1F49C8C63} = {22530803-BEA5-4FE8-BC87-14A1F49C8C63}
		{25EAA1F9-8DDD-42A7-94F5-66C9F85599EF} = {25EAA1F9-8DDD-42A7-94F5-66C9F85599EF}
		{2A43AB98-72A5-4D67-93D6-E26DDA45B121} = {2A43AB98-72A5-4D67-93D6-E26DDA45B121}
		{456E7C02-DBC0-44EF-A758-10B04F2F4B69} = {456E7C02-DBC0-44EF-A758-10B04F2F4B69}
		{4A088EB2-9F3E-46A1-BA48-3501407E4B97} = {4A088EB2-9F3E-46A1-BA48-3501407E4B97}
		{4AA9D0CC-1EE2-4080-BF12-4350E06E57B4} = {4AA9D0CC-1EE2-4080-BF12-4350E06E57B4}
		{4E8D5A86-A5CE-49B8-8441-065500E3B5C0} = {4E8D5A86-A5CE-49B8-8441-065500E3B5C0}
		{4EBED477-1008-46AD-AFF4-63C81C6E6075} = {4EBED477-1008-46AD-AFF4-63C81C6E6075}
		{534BB83E-3573-43E2-AD85-7B881E9CE22A} = {534BB83E-3573-43E2-AD85-7B881E9CE22A}
		{89358939-1D09-402F-B5F9-3C8ECA773492} = {89358939-1D09-402F-B5F9-3C8ECA773492}
		{9D569F52-83AA-4199-AC32-97F1E42EA418} = {9D569F52-83AA-4199-AC32-97F1E42EA418}
		{B4B10BD7-255F-480B-944F-E53A33ADE503} = {B4B10BD7-255F-480B-944F-E53A33ADE503}
		{BF11378B-316D-4A41-A6DA-A83012483353} = {BF11378B-316D-4A41-A6DA-A83012483353}
		{C0F7DD10-A4FE-4913-BC4B-3380AF803D0C} = {C0F7DD10-A4FE-4913-BC4B-3380AF803D0C}
		{C89BDC89-E251-4DCA-B1F3-B80E62A2E81E} = {C89BDC89-E251-4DCA-B1F3-B80E62A2E81E}
		{E649C5CB-E9CD-436F-9B82-189EE07D9E9B} = {E649C5CB-E9CD-436F-9B82-189EE07D9E9B}
		{EAAB72B6-76F3-46C1-9435-A14E34F84296} = {EAAB72B6-76F3-46C1-9435-A14E34F84296}
		{EBCC6295-8B8B-414D-ADF1-FBF2FC707E6F} = {EBCC6295-8B8B-414D-ADF1-FBF2FC707E6F}
		{FD46A1E1-667F-4020-8CCB-E5E118868B4B} = {FD46A1E1-667F-4020-8CCB-E5E118868B4B}
	EndProjectSection
EndProject
Project("{FAE04EC0-301F-11D3-BF4B-00C04F79EFBC}") = "exercicio02", "exercicio02\exercicio02.csproj", "{0B1A64FF-90EA-4E07-B7EF-68A37426D183}"
EndProject
Project("{FAE04EC0-301F-11D3-BF4B-00C04F79EFBC}") = "exercicio03", "exercicio03\exercicio03.csproj", "{B4B10BD7-255F-480B-944F-E53A33ADE503}"
EndProject
Project("{FAE04EC0-301F-11D3-BF4B-00C04F79EFBC}") = "exercicio04", "exercicio04\exercicio04.csproj", "{89358939-1D09-402F-B5F9-3C8ECA773492}"
EndProject
Project("{FAE04EC0-301F-11D3-BF4B-00C04F79EFBC}") = "exercicio05", "exercicio05\exercicio05.csproj", "{4A088EB2-9F3E-46A1-BA48-3501407E4B97}"
EndProject
Project("{FAE04EC0-301F-11D3-BF4B-00C04F79EFBC}") = "exercicio06", "exercicio06\exercicio06.csproj", "{25EAA1F9-8DDD-42A7-94F5-66C9F85599EF}"
EndProject
Project("{FAE04EC0-301F-11D3-BF4B-00C04F79EFBC}") = "exercicio07", "exercicio07\exercicio07.csproj", "{0EE8DE00-88DE-4FA3-959C-84CD5DFE44D5}"
EndProject
Project("{FAE04EC0-301F-11D3-BF4B-00C04F79EFBC}") = "exercicio08", "exercicio08\exercicio08.csproj", "{456E7C02-DBC0-44EF-A758-10B04F2F4B69}"
EndProject
Project("{FAE04EC0-301F-11D3-BF4B-00C04F79EFBC}") = "exercicio09", "exercicio09\exercicio09.csproj", "{1B49CEB1-94B9-429B-B25D-379F80B5D7C1}"
EndProject
Project("{FAE04EC0-301F-11D3-BF4B-00C04F79EFBC}") = "exercicio10", "exercicio10\exercicio10.csproj", "{534BB83E-3573-43E2-AD85-7B881E9CE22A}"
EndProject
Project("{FAE04EC0-301F-11D3-BF4B-00C04F79EFBC}") = "exercicio11", "exercicio11\exercicio11.csproj", "{9D569F52-83AA-4199-AC32-97F1E42EA418}"
EndProject
Project("{FAE04EC0-301F-11D3-BF4B-00C04F79EFBC}") = "exercicio12", "exercicio12\exercicio12.csproj", "{4EBED477-1008-46AD-AFF4-63C81C6E6075}"
EndProject
Project("{FAE04EC0-301F-11D3-BF4B-00C04F79EFBC}") = "exercicio13", "exercicio13\exercicio13.csproj", "{C0F7DD10-A4FE-4913-BC4B-3380AF803D0C}"
EndProject
Project("{FAE04EC0-301F-11D3-BF4B-00C04F79EFBC}") = "exercicio14", "exercicio14\exercicio14.csproj", "{C89BDC89-E251-4DCA-B1F3-B80E62A2E81E}"
EndProject
Project("{FAE04EC0-301F-11D3-BF4B-00C04F79EFBC}") = "exercicio15", "exercicio15\exercicio15.csproj", "{2A43AB98-72A5-4D67-93D6-E26DDA45B121}"
EndProject
Project("{FAE04EC0-301F-11D3-BF4B-00C04F79EFBC}") = "exercicio16", "exercicio16\exercicio16.csproj", "{EAAB72B6-76F3-46C1-9435-A14E34F84296}"
EndProject
Project("{FAE04EC0-301F-11D3-BF4B-00C04F79EFBC}") = "exercicio17", "exercicio17\exercicio17.csproj", "{4E8D5A86-A5CE-49B8-8441-065500E3B5C0}"
EndProject
Project("{FAE04EC0-301F-11D3-BF4B-00C04F79EFBC}") = "exercicio18", "exercicio18\exercicio18.csproj", "{E649C5CB-E9CD-436F-9B82-189EE07D9E9B}"
EndProject
Project("{FAE04EC0-301F-11D3-BF4B-00C04F79EFBC}") = "exercicio19", "exercicio19\exercicio19.csproj", "{22530803-BEA5-4FE8-BC87-14A1F49C8C63}"
EndProject
Project("{FAE04EC0-301F-11D3-BF4B-00C04F79EFBC}") = "exercicio20", "exercicio20\exercicio20.csproj", "{4AA9D0CC-1EE2-4080-BF12-4350E06E57B4}"
EndProject
Project("{FAE04EC0-301F-11D3-BF4B-00C04F79EFBC}") = "exercicio21", "exercicio21\exercicio21.csproj", "{FD46A1E1-667F-4020-8CCB-E5E118868B4B}"
EndProject
Project("{FAE04EC0-301F-11D3-BF4B-00C04F79EFBC}") = "exercicio22", "exercicio22\exercicio22.csproj", "{BF11378B-316D-4A41-A6DA-A83012483353}"
EndProject
Project("{FAE04EC0-301F-11D3-BF4B-00C04F79EFBC}") = "exercicio23", "exercicio23\exercicio23.csproj", "{EBCC6295-8B8B-414D-ADF1-FBF2FC707E6F}"
EndProject
Global
	GlobalSection(SolutionConfigurationPlatforms) = preSolution
		Debug|Any CPU = Debug|Any CPU
		Release|Any CPU = Release|Any CPU
	EndGlobalSection
	GlobalSection(ProjectConfigurationPlatforms) = postSolution
		{9E27C248-2EF1-4DDA-8207-3CEFEF117736}.Debug|Any CPU.ActiveCfg = Debug|Any CPU
		{9E27C248-2EF1-4DDA-8207-3CEFEF117736}.Debug|Any CPU.Build.0 = Debug|Any CPU
		{9E27C248-2EF1-4DDA-8207-3CEFEF117736}.Release|Any CPU.ActiveCfg = Release|Any CPU
		{9E27C248-2EF1-4DDA-8207-3CEFEF117736}.Release|Any CPU.Build.0 = Release|Any CPU
		{0B1A64FF-90EA-4E07-B7EF-68A37426D183}.Debug|Any CPU.ActiveCfg = Debug|Any CPU
		{0B1A64FF-90EA-4E07-B7EF-68A37426D183}.Debug|Any CPU.Build.0 = Debug|Any CPU
		{0B1A64FF-90EA-4E07-B7EF-68A37426D183}.Release|Any CPU.ActiveCfg = Release|Any CPU
		{0B1A64FF-90EA-4E07-B7EF-68A37426D183}.Release|Any CPU.Build.0 = Release|Any CPU
		{B4B10BD7-255F-480B-944F-E53A33ADE503}.Debug|Any CPU.ActiveCfg = Debug|Any CPU
		{B4B10BD7-255F-480B-944F-E53A33ADE503}.Debug|Any CPU.Build.0 = Debug|Any CPU
		{B4B10BD7-255F-480B-944F-E53A33ADE503}.Release|Any CPU.ActiveCfg = Release|Any CPU
		{B4B10BD7-255F-480B-944F-E53A33ADE503}.Release|Any CPU.Build.0 = Release|Any CPU
		{89358939-1D09-402F-B5F9-3C8ECA773492}.Debug|Any CPU.ActiveCfg = Debug|Any CPU
		{89358939-1D09-402F-B5F9-3C8ECA773492}.Debug|Any CPU.Build.0 = Debug|Any CPU
		{89358939-1D09-402F-B5F9-3C8ECA773492}.Release|Any CPU.ActiveCfg = Release|Any CPU
		{89358939-1D09-402F-B5F9-3C8ECA773492}.Release|Any CPU.Build.0 = Release|Any CPU
		{4A088EB2-9F3E-46A1-BA48-3501407E4B97}.Debug|Any CPU.ActiveCfg = Debug|Any CPU
		{4A088EB2-9F3E-46A1-BA48-3501407E4B97}.Debug|Any CPU.Build.0 = Debug|Any CPU
		{4A088EB2-9F3E-46A1-BA48-3501407E4B97}.Release|Any CPU.ActiveCfg = Release|Any CPU
		{4A088EB2-9F3E-46A1-BA48-3501407E4B97}.Release|Any CPU.Build.0 = Release|Any CPU
		{25EAA1F9-8DDD-42A7-94F5-66C9F85599EF}.Debug|Any CPU.ActiveCfg = Debug|Any CPU
		{25EAA1F9-8DDD-42A7-94F5-66C9F85599EF}.Debug|Any CPU.Build.0 = Debug|Any CPU
		{25EAA1F9-8DDD-42A7-94F5-66C9F85599EF}.Release|Any CPU.ActiveCfg = Release|Any CPU
		{25EAA1F9-8DDD-42A7-94F5-66C9F85599EF}.Release|Any CPU.Build.0 = Release|Any CPU
		{0EE8DE00-88DE-4FA3-959C-84CD5DFE44D5}.Debug|Any CPU.ActiveCfg = Debug|Any CPU
		{0EE8DE00-88DE-4FA3-959C-84CD5DFE44D5}.Debug|Any CPU.Build.0 = Debug|Any CPU
		{0EE8DE00-88DE-4FA3-959C-84CD5DFE44D5}.Release|Any CPU.ActiveCfg = Release|Any CPU
		{0EE8DE00-88DE-4FA3-959C-84CD5DFE44D5}.Release|Any CPU.Build.0 = Release|Any CPU
		{456E7C02-DBC0-44EF-A758-10B04F2F4B69}.Debug|Any CPU.ActiveCfg = Debug|Any CPU
		{456E7C02-DBC0-44EF-A758-10B04F2F4B69}.Debug|Any CPU.Build.0 = Debug|Any CPU
		{456E7C02-DBC0-44EF-A758-10B04F2F4B69}.Release|Any CPU.ActiveCfg = Release|Any CPU
		{456E7C02-DBC0-44EF-A758-10B04F2F4B69}.Release|Any CPU.Build.0 = Release|Any CPU
		{1B49CEB1-94B9-429B-B25D-379F80B5D7C1}.Debug|Any CPU.ActiveCfg = Debug|Any CPU
		{1B49CEB1-94B9-429B-B25D-379F80B5D7C1}.Debug|Any CPU.Build.0 = Debug|Any CPU
		{1B49CEB1-94B9-429B-B25D-379F80B5D7C1}.Release|Any CPU.ActiveCfg = Release|Any CPU
		{1B49CEB1-94B9-429B-B25D-379F80B5D7C1}.Release|Any CPU.Build.0 = Release|Any CPU
		{534BB83E-3573-43E2-AD85-7B881E9CE22A}.Debug|Any CPU.ActiveCfg = Debug|Any CPU
		{534BB83E-3573-43E2-AD85-7B881E9CE22A}.Debug|Any CPU.Build.0 = Debug|Any CPU
		{534BB83E-3573-43E2-AD85-7B881E9CE22A}.Release|Any CPU.ActiveCfg = Release|Any CPU
		{534BB83E-3573-43E2-AD85-7B881E9CE22A}.Release|Any CPU.Build.0 = Release|Any CPU
		{9D569F52-83AA-4199-AC32-97F1E42EA418}.Debug|Any CPU.ActiveCfg = Debug|Any CPU
		{9D569F52-83AA-4199-AC32-97F1E42EA418}.Debug|Any CPU.Build.0 = Debug|Any CPU
		{9D569F52-83AA-4199-AC32-97F1E42EA418}.Release|Any CPU.ActiveCfg = Release|Any CPU
		{9D569F52-83AA-4199-AC32-97F1E42EA418}.Release|Any CPU.Build.0 = Release|Any CPU
		{4EBED477-1008-46AD-AFF4-63C81C6E6075}.Debug|Any CPU.ActiveCfg = Debug|Any CPU
		{4EBED477-1008-46AD-AFF4-63C81C6E6075}.Debug|Any CPU.Build.0 = Debug|Any CPU
		{4EBED477-1008-46AD-AFF4-63C81C6E6075}.Release|Any CPU.ActiveCfg = Release|Any CPU
		{4EBED477-1008-46AD-AFF4-63C81C6E6075}.Release|Any CPU.Build.0 = Release|Any CPU
		{C0F7DD10-A4FE-4913-BC4B-3380AF803D0C}.Debug|Any CPU.ActiveCfg = Debug|Any CPU
		{C0F7DD10-A4FE-4913-BC4B-3380AF803D0C}.Debug|Any CPU.Build.0 = Debug|Any CPU
		{C0F7DD10-A4FE-4913-BC4B-3380AF803D0C}.Release|Any CPU.ActiveCfg = Release|Any CPU
		{C0F7DD10-A4FE-4913-BC4B-3380AF803D0C}.Release|Any CPU.Build.0 = Release|Any CPU
		{C89BDC89-E251-4DCA-B1F3-B80E62A2E81E}.Debug|Any CPU.ActiveCfg = Debug|Any CPU
		{C89BDC89-E251-4DCA-B1F3-B80E62A2E81E}.Debug|Any CPU.Build.0 = Debug|Any CPU
		{C89BDC89-E251-4DCA-B1F3-B80E62A2E81E}.Release|Any CPU.ActiveCfg = Release|Any CPU
		{C89BDC89-E251-4DCA-B1F3-B80E62A2E81E}.Release|Any CPU.Build.0 = Release|Any CPU
		{2A43AB98-72A5-4D67-93D6-E26DDA45B121}.Debug|Any CPU.ActiveCfg = Debug|Any CPU
		{2A43AB98-72A5-4D67-93D6-E26DDA45B121}.Debug|Any CPU.Build.0 = Debug|Any CPU
		{2A43AB98-72A5-4D67-93D6-E26DDA45B121}.Release|Any CPU.ActiveCfg = Release|Any CPU
		{2A43AB98-72A5-4D67-93D6-E26DDA45B121}.Release|Any CPU.Build.0 = Release|Any CPU
		{EAAB72B6-76F3-46C1-9435-A14E34F84296}.Debug|Any CPU.ActiveCfg = Debug|Any CPU
		{EAAB72B6-76F3-46C1-9435-A14E34F84296}.Debug|Any CPU.Build.0 = Debug|Any CPU
		{EAAB72B6-76F3-46C1-9435-A14E34F84296}.Release|Any CPU.ActiveCfg = Release|Any CPU
		{EAAB72B6-76F3-46C1-9435-A14E34F84296}.Release|Any CPU.Build.0 = Release|Any CPU
		{4E8D5A86-A5CE-49B8-8441-065500E3B5C0}.Debug|Any CPU.ActiveCfg = Debug|Any CPU
		{4E8D5A86-A5CE-49B8-8441-065500E3B5C0}.Debug|Any CPU.Build.0 = Debug|Any CPU
		{4E8D5A86-A5CE-49B8-8441-065500E3B5C0}.Release|Any CPU.ActiveCfg = Release|Any CPU
		{4E8D5A86-A5CE-49B8-8441-065500E3B5C0}.Release|Any CPU.Build.0 = Release|Any CPU
		{E649C5CB-E9CD-436F-9B82-189EE07D9E9B}.Debug|Any CPU.ActiveCfg = Debug|Any CPU
		{E649C5CB-E9CD-436F-9B82-189EE07D9E9B}.Debug|Any CPU.Build.0 = Debug|Any CPU
		{E649C5CB-E9CD-436F-9B82-189EE07D9E9B}.Release|Any CPU.ActiveCfg = Release|Any CPU
		{E649C5CB-E9CD-436F-9B82-189EE07D9E9B}.Release|Any CPU.Build.0 = Release|Any CPU
		{22530803-BEA5-4FE8-BC87-14A1F49C8C63}.Debug|Any CPU.ActiveCfg = Debug|Any CPU
		{22530803-BEA5-4FE8-BC87-14A1F49C8C63}.Debug|Any CPU.Build.0 = Debug|Any CPU
		{22530803-BEA5-4FE8-BC87-14A1F49C8C63}.Release|Any CPU.ActiveCfg = Release|Any CPU
		{22530803-BEA5-4FE8-BC87-14A1F49C8C63}.Release|Any CPU.Build.0 = Release|Any CPU
		{4AA9D0CC-1EE2-4080-BF12-4350E06E57B4}.Debug|Any CPU.ActiveCfg = Debug|Any CPU
		{4AA9D0CC-1EE2-4080-BF12-4350E06E57B4}.Debug|Any CPU.Build.0 = Debug|Any CPU
		{4AA9D0CC-1EE2-4080-BF12-4350E06E57B4}.Release|Any CPU.ActiveCfg = Release|Any CPU
		{4AA9D0CC-1EE2-4080-BF12-4350E06E57B4}.Release|Any CPU.Build.0 = Release|Any CPU
		{FD46A1E1-667F-4020-8CCB-E5E118868B4B}.Debug|Any CPU.ActiveCfg = Debug|Any CPU
		{FD46A1E1-667F-4020-8CCB-E5E118868B4B}.Debug|Any CPU.Build.0 = Debug|Any CPU
		{FD46A1E1-667F-4020-8CCB-E5E118868B4B}.Release|Any CPU.ActiveCfg = Release|Any CPU
		{FD46A1E1-667F-4020-8CCB-E5E118868B4B}.Release|Any CPU.Build.0 = Release|Any CPU
		{BF11378B-316D-4A41-A6DA-A83012483353}.Debug|Any CPU.ActiveCfg = Debug|Any CPU
		{BF11378B-316D-4A41-A6DA-A83012483353}.Debug|Any CPU.Build.0 = Debug|Any CPU
		{BF11378B-316D-4A41-A6DA-A83012483353}.Release|Any CPU.ActiveCfg = Release|Any CPU
		{BF11378B-316D-4A41-A6DA-A83012483353}.Release|Any CPU.Build.0 = Release|Any CPU
		{EBCC6295-8B8B-414D-ADF1-FBF2FC707E6F}.Debug|Any CPU.ActiveCfg = Debug|Any CPU
		{EBCC6295-8B8B-414D-ADF1-FBF2FC707E6F}.Debug|Any CPU.Build.0 = Debug|Any CPU
		{EBCC6295-8B8B-414D-ADF1-FBF2FC707E6F}.Release|Any CPU.ActiveCfg = Release|Any CPU
		{EBCC6295-8B8B-414D-ADF1-FBF2FC707E6F}.Release|Any CPU.Build.0 = Release|Any CPU
	EndGlobalSection
	GlobalSection(SolutionProperties) = preSolution
		HideSolutionNode = FALSE
	EndGlobalSection
	GlobalSection(ExtensibilityGlobals) = postSolution
		SolutionGuid = {14ABE54C-C98D-45C4-AEC4-9AC9183422F5}
	EndGlobalSection
EndGlobal
